
Microsoft Visual Studio Solution File, Format Version 12.00
# Visual Studio 14
VisualStudioVersion = 14.0.24720.0
MinimumVisualStudioVersion = 10.0.40219.1
Project("{FAE04EC0-301F-11D3-BF4B-00C04F79EFBC}") = "obscureIM-client", "obscureIM-client\obscureIM-client.csproj", "{47C09881-F352-4DE0-9D95-829C83906CF2}"
EndProject
Project("{54435603-DBB4-11D2-8724-00A0C9A8B90C}") = "ObscureIMSetup", "ObscureIMSetup\ObscureIMSetup.vdproj", "{B5197F5B-657F-4857-A876-2B8D64545DD7}"
EndProject
Global
	GlobalSection(SolutionConfigurationPlatforms) = preSolution
		Debug|Any CPU = Debug|Any CPU
		Release|Any CPU = Release|Any CPU
	EndGlobalSection
	GlobalSection(ProjectConfigurationPlatforms) = postSolution
		{47C09881-F352-4DE0-9D95-829C83906CF2}.Debug|Any CPU.ActiveCfg = Debug|Any CPU
		{47C09881-F352-4DE0-9D95-829C83906CF2}.Debug|Any CPU.Build.0 = Debug|Any CPU
		{47C09881-F352-4DE0-9D95-829C83906CF2}.Release|Any CPU.ActiveCfg = Release|Any CPU
		{47C09881-F352-4DE0-9D95-829C83906CF2}.Release|Any CPU.Build.0 = Release|Any CPU
		{B5197F5B-657F-4857-A876-2B8D64545DD7}.Debug|Any CPU.ActiveCfg = Debug
		{B5197F5B-657F-4857-A876-2B8D64545DD7}.Release|Any CPU.ActiveCfg = Release
	EndGlobalSection
	GlobalSection(SolutionProperties) = preSolution
		HideSolutionNode = FALSE
	EndGlobalSection
EndGlobal
